PODS:
  - atlantis-proxyman (1.11.2)
  - BigInt (5.0.0)
  - CryptoSwift (1.4.2)
  - GenericJSON (2.0.1)
  - OHHTTPStubs/Core (9.1.0)
  - OHHTTPStubs/Default (9.1.0):
    - OHHTTPStubs/Core
    - OHHTTPStubs/JSON
    - OHHTTPStubs/NSURLSession
    - OHHTTPStubs/OHPathHelpers
  - OHHTTPStubs/JSON (9.1.0):
    - OHHTTPStubs/Core
  - OHHTTPStubs/NSURLSession (9.1.0):
    - OHHTTPStubs/Core
  - OHHTTPStubs/OHPathHelpers (9.1.0)
  - OHHTTPStubs/Swift (9.1.0):
    - OHHTTPStubs/Default
  - PromiseKit/CorePromise (6.15.3)
  - PromiseKit/Foundation (6.15.3):
    - PromiseKit/CorePromise
  - secp256k1.swift (0.1.4)
  - Torus-directSDK (1.1.2):
    - Torus-utils (~> 1.1.0)
  - Torus-fetchNodeDetails (1.1.1):
    - PromiseKit/Foundation (~> 6.0)
    - web3.swift (~> 0.8.0)
  - Torus-utils (1.1.2):
    - CryptoSwift (~> 1.4.1)
    - PromiseKit/Foundation (~> 6.0)
    - secp256k1.swift (~> 0.1.4)
    - Torus-fetchNodeDetails (~> 1.1.0)
  - web3.swift (0.8.1):
    - BigInt (~> 5.0.0)
    - GenericJSON (~> 2.0)
    - secp256k1.swift (~> 0.1)

DEPENDENCIES:
  - atlantis-proxyman
  - OHHTTPStubs/Swift
  - Torus-directSDK (from `https://github.com/torusresearch/torus-direct-swift-sdk.git`, branch `fix/http-stubs`)
  - Torus-fetchNodeDetails (from `https://github.com/torusresearch/fetch-node-details-swift.git`, branch `fix/http-stubs`)
  - Torus-utils (from `https://github.com/torusresearch/torus-utils-swift.git`, branch `fix/http-stubs`)

SPEC REPOS:
  trunk:
    - atlantis-proxyman
    - BigInt
    - CryptoSwift
    - GenericJSON
    - OHHTTPStubs
    - PromiseKit
    - secp256k1.swift
    - web3.swift

EXTERNAL SOURCES:
  Torus-directSDK:
    :branch: fix/http-stubs
    :git: https://github.com/torusresearch/torus-direct-swift-sdk.git
  Torus-fetchNodeDetails:
    :branch: fix/http-stubs
    :git: https://github.com/torusresearch/fetch-node-details-swift.git
  Torus-utils:
    :branch: fix/http-stubs
    :git: https://github.com/torusresearch/torus-utils-swift.git

CHECKOUT OPTIONS:
  Torus-directSDK:
    :commit: 7832d346d6c6c97d3af2cbaf2122ecaf25342072
    :git: https://github.com/torusresearch/torus-direct-swift-sdk.git
  Torus-fetchNodeDetails:
    :commit: ce8ba6f603810486c4571e49dd0cd01b20ed920d
    :git: https://github.com/torusresearch/fetch-node-details-swift.git
  Torus-utils:
    :commit: 6c8ab8404d03498126d1df493866b51996e61584
    :git: https://github.com/torusresearch/torus-utils-swift.git

SPEC CHECKSUMS:
  atlantis-proxyman: 555cd547946b654b81ac4deea4fca2f27825429d
  BigInt: 74b4d88367b0e819d9f77393549226d36faeb0d8
  CryptoSwift: a532e74ed010f8c95f611d00b8bbae42e9fe7c17
  GenericJSON: a6e74e2c457f8693caab08e0eafde7d97e6666de
  OHHTTPStubs: 90eac6d8f2c18317baeca36698523dc67c513831
  PromiseKit: 3b2b6995e51a954c46dbc550ce3da44fbfb563c5
  secp256k1.swift: a7e7a214f6db6ce5db32cc6b2b45e5c4dd633634
  Torus-directSDK: 48eebf3953fc7b5b5d4e881d6a55193296bc23ac
  Torus-fetchNodeDetails: 2f8a7ae2b6d7e193d4e7e3df00fb83db8de653b4
  Torus-utils: 0c61936fe5e048690b9ceae376d1f1d75f3aae5f
  web3.swift: ce00a5e6e39fb184e33e3622e8be22ae53205e57

PODFILE CHECKSUM: 58a2bae045cec951860f5beae67f4061be0a579e

COCOAPODS: 1.11.2
