// !$*UTF8*$!
{
	archiveVersion = 1;
	classes = {
	};
	objectVersion = 55;
	objects = {

/* Begin PBXBuildFile section */
		2241039CF1B7EDB83A2E003C /* Pods_torus_direct_swift_sdk_mock_example_torus_direct_swift_sdk_mock_exampleUITests.framework in Frameworks */ = {isa = PBXBuildFile; fileRef = D2C5CCE89E03B23601D78F1F /* Pods_torus_direct_swift_sdk_mock_example_torus_direct_swift_sdk_mock_exampleUITests.framework */; };
		2FD6C5F09F0385D0F55A86C6 /* Pods_torus_direct_swift_sdk_mock_example.framework in Frameworks */ = {isa = PBXBuildFile; fileRef = DCEDDBA321C1D0AC2C2E3A4B /* Pods_torus_direct_swift_sdk_mock_example.framework */; };
		E47051DE270D68C600997F08 /* AppDelegate.swift in Sources */ = {isa = PBXBuildFile; fileRef = E47051DD270D68C600997F08 /* AppDelegate.swift */; };
		E47051E0270D697500997F08 /* SceneDelegate.swift in Sources */ = {isa = PBXBuildFile; fileRef = E47051DF270D697500997F08 /* SceneDelegate.swift */; };
		E479C370270D5AB000742CAD /* torus_direct_swift_sdk_mock_exampleApp.swift in Sources */ = {isa = PBXBuildFile; fileRef = E479C36F270D5AB000742CAD /* torus_direct_swift_sdk_mock_exampleApp.swift */; };
		E479C372270D5AB000742CAD /* ContentView.swift in Sources */ = {isa = PBXBuildFile; fileRef = E479C371270D5AB000742CAD /* ContentView.swift */; };
		E479C374270D5AB200742CAD /* Assets.xcassets in Resources */ = {isa = PBXBuildFile; fileRef = E479C373270D5AB200742CAD /* Assets.xcassets */; };
		E479C377270D5AB200742CAD /* Preview Assets.xcassets in Resources */ = {isa = PBXBuildFile; fileRef = E479C376270D5AB200742CAD /* Preview Assets.xcassets */; };
		E479C381270D5AB200742CAD /* torus_direct_swift_sdk_mock_exampleTests.swift in Sources */ = {isa = PBXBuildFile; fileRef = E479C380270D5AB200742CAD /* torus_direct_swift_sdk_mock_exampleTests.swift */; };
		E479C38B270D5AB200742CAD /* torus_direct_swift_sdk_mock_exampleUITests.swift in Sources */ = {isa = PBXBuildFile; fileRef = E479C38A270D5AB200742CAD /* torus_direct_swift_sdk_mock_exampleUITests.swift */; };
		E479C38D270D5AB200742CAD /* torus_direct_swift_sdk_mock_exampleUITestsLaunchTests.swift in Sources */ = {isa = PBXBuildFile; fileRef = E479C38C270D5AB200742CAD /* torus_direct_swift_sdk_mock_exampleUITestsLaunchTests.swift */; };
		E49110E7271ABE0800D474FA /* GeneratedStubs.swift in Sources */ = {isa = PBXBuildFile; fileRef = E49110E6271ABE0800D474FA /* GeneratedStubs.swift */; };
		E4AA903B271C18C1009473E0 /* MockTorusUtils.swift in Sources */ = {isa = PBXBuildFile; fileRef = E4AA903A271C18C1009473E0 /* MockTorusUtils.swift */; };
		F1E05638191E4E09DE657200 /* Pods_torus_direct_swift_sdk_mock_exampleTests.framework in Frameworks */ = {isa = PBXBuildFile; fileRef = AC1995E939CA66945139613F /* Pods_torus_direct_swift_sdk_mock_exampleTests.framework */; };
/* End PBXBuildFile section */

/* Begin PBXContainerItemProxy section */
		E479C37D270D5AB200742CAD /* PBXContainerItemProxy */ = {
			isa = PBXContainerItemProxy;
			containerPortal = E479C364270D5AB000742CAD /* Project object */;
			proxyType = 1;
			remoteGlobalIDString = E479C36B270D5AB000742CAD;
			remoteInfo = "torus-direct-swift-sdk-mock-example";
		};
		E479C387270D5AB200742CAD /* PBXContainerItemProxy */ = {
			isa = PBXContainerItemProxy;
			containerPortal = E479C364270D5AB000742CAD /* Project object */;
			proxyType = 1;
			remoteGlobalIDString = E479C36B270D5AB000742CAD;
			remoteInfo = "torus-direct-swift-sdk-mock-example";
		};
/* End PBXContainerItemProxy section */

/* Begin PBXFileReference section */
		04EE38AE3498DD03CB11037D /* Pods-torus-direct-swift-sdk-mock-example-torus-direct-swift-sdk-mock-exampleUITests.release.xcconfig */ = {isa = PBXFileReference; includeInIndex = 1; lastKnownFileType = text.xcconfig; name = "Pods-torus-direct-swift-sdk-mock-example-torus-direct-swift-sdk-mock-exampleUITests.release.xcconfig"; path = "Target Support Files/Pods-torus-direct-swift-sdk-mock-example-torus-direct-swift-sdk-mock-exampleUITests/Pods-torus-direct-swift-sdk-mock-example-torus-direct-swift-sdk-mock-exampleUITests.release.xcconfig"; sourceTree = "<group>"; };
		0E0DF55D05BFF84C571B464C /* Pods-torus-direct-swift-sdk-mock-example-torus-direct-swift-sdk-mock-exampleUITests.debug.xcconfig */ = {isa = PBXFileReference; includeInIndex = 1; lastKnownFileType = text.xcconfig; name = "Pods-torus-direct-swift-sdk-mock-example-torus-direct-swift-sdk-mock-exampleUITests.debug.xcconfig"; path = "Target Support Files/Pods-torus-direct-swift-sdk-mock-example-torus-direct-swift-sdk-mock-exampleUITests/Pods-torus-direct-swift-sdk-mock-example-torus-direct-swift-sdk-mock-exampleUITests.debug.xcconfig"; sourceTree = "<group>"; };
		129AB3885383E9A53F47F6A6 /* Pods-torus-direct-swift-sdk-mock-example.debug.xcconfig */ = {isa = PBXFileReference; includeInIndex = 1; lastKnownFileType = text.xcconfig; name = "Pods-torus-direct-swift-sdk-mock-example.debug.xcconfig"; path = "Target Support Files/Pods-torus-direct-swift-sdk-mock-example/Pods-torus-direct-swift-sdk-mock-example.debug.xcconfig"; sourceTree = "<group>"; };
		24765EEA3F012826FB7A3EDE /* Pods-torus-direct-swift-sdk-mock-exampleTests.debug.xcconfig */ = {isa = PBXFileReference; includeInIndex = 1; lastKnownFileType = text.xcconfig; name = "Pods-torus-direct-swift-sdk-mock-exampleTests.debug.xcconfig"; path = "Target Support Files/Pods-torus-direct-swift-sdk-mock-exampleTests/Pods-torus-direct-swift-sdk-mock-exampleTests.debug.xcconfig"; sourceTree = "<group>"; };
		63714A2177CD2F122327F64C /* Pods-torus-direct-swift-sdk-mock-example.release.xcconfig */ = {isa = PBXFileReference; includeInIndex = 1; lastKnownFileType = text.xcconfig; name = "Pods-torus-direct-swift-sdk-mock-example.release.xcconfig"; path = "Target Support Files/Pods-torus-direct-swift-sdk-mock-example/Pods-torus-direct-swift-sdk-mock-example.release.xcconfig"; sourceTree = "<group>"; };
		A0058CFE0DBBFEF1E662D052 /* Pods-torus-direct-swift-sdk-mock-exampleTests.release.xcconfig */ = {isa = PBXFileReference; includeInIndex = 1; lastKnownFileType = text.xcconfig; name = "Pods-torus-direct-swift-sdk-mock-exampleTests.release.xcconfig"; path = "Target Support Files/Pods-torus-direct-swift-sdk-mock-exampleTests/Pods-torus-direct-swift-sdk-mock-exampleTests.release.xcconfig"; sourceTree = "<group>"; };
		AC1995E939CA66945139613F /* Pods_torus_direct_swift_sdk_mock_exampleTests.framework */ = {isa = PBXFileReference; explicitFileType = wrapper.framework; includeInIndex = 0; path = Pods_torus_direct_swift_sdk_mock_exampleTests.framework; sourceTree = BUILT_PRODUCTS_DIR; };
		D2C5CCE89E03B23601D78F1F /* Pods_torus_direct_swift_sdk_mock_example_torus_direct_swift_sdk_mock_exampleUITests.framework */ = {isa = PBXFileReference; explicitFileType = wrapper.framework; includeInIndex = 0; path = Pods_torus_direct_swift_sdk_mock_example_torus_direct_swift_sdk_mock_exampleUITests.framework; sourceTree = BUILT_PRODUCTS_DIR; };
		DCEDDBA321C1D0AC2C2E3A4B /* Pods_torus_direct_swift_sdk_mock_example.framework */ = {isa = PBXFileReference; explicitFileType = wrapper.framework; includeInIndex = 0; path = Pods_torus_direct_swift_sdk_mock_example.framework; sourceTree = BUILT_PRODUCTS_DIR; };
		E47051DD270D68C600997F08 /* AppDelegate.swift */ = {isa = PBXFileReference; lastKnownFileType = sourcecode.swift; path = AppDelegate.swift; sourceTree = "<group>"; };
		E47051DF270D697500997F08 /* SceneDelegate.swift */ = {isa = PBXFileReference; lastKnownFileType = sourcecode.swift; path = SceneDelegate.swift; sourceTree = "<group>"; };
		E479C36C270D5AB000742CAD /* torus-direct-swift-sdk-mock-example.app */ = {isa = PBXFileReference; explicitFileType = wrapper.application; includeInIndex = 0; path = "torus-direct-swift-sdk-mock-example.app"; sourceTree = BUILT_PRODUCTS_DIR; };
		E479C36F270D5AB000742CAD /* torus_direct_swift_sdk_mock_exampleApp.swift */ = {isa = PBXFileReference; lastKnownFileType = sourcecode.swift; path = torus_direct_swift_sdk_mock_exampleApp.swift; sourceTree = "<group>"; };
		E479C371270D5AB000742CAD /* ContentView.swift */ = {isa = PBXFileReference; lastKnownFileType = sourcecode.swift; path = ContentView.swift; sourceTree = "<group>"; };
		E479C373270D5AB200742CAD /* Assets.xcassets */ = {isa = PBXFileReference; lastKnownFileType = folder.assetcatalog; path = Assets.xcassets; sourceTree = "<group>"; };
		E479C376270D5AB200742CAD /* Preview Assets.xcassets */ = {isa = PBXFileReference; lastKnownFileType = folder.assetcatalog; path = "Preview Assets.xcassets"; sourceTree = "<group>"; };
		E479C37C270D5AB200742CAD /* torus-direct-swift-sdk-mock-exampleTests.xctest */ = {isa = PBXFileReference; explicitFileType = wrapper.cfbundle; includeInIndex = 0; path = "torus-direct-swift-sdk-mock-exampleTests.xctest"; sourceTree = BUILT_PRODUCTS_DIR; };
		E479C380270D5AB200742CAD /* torus_direct_swift_sdk_mock_exampleTests.swift */ = {isa = PBXFileReference; lastKnownFileType = sourcecode.swift; path = torus_direct_swift_sdk_mock_exampleTests.swift; sourceTree = "<group>"; };
		E479C386270D5AB200742CAD /* torus-direct-swift-sdk-mock-exampleUITests.xctest */ = {isa = PBXFileReference; explicitFileType = wrapper.cfbundle; includeInIndex = 0; path = "torus-direct-swift-sdk-mock-exampleUITests.xctest"; sourceTree = BUILT_PRODUCTS_DIR; };
		E479C38A270D5AB200742CAD /* torus_direct_swift_sdk_mock_exampleUITests.swift */ = {isa = PBXFileReference; lastKnownFileType = sourcecode.swift; path = torus_direct_swift_sdk_mock_exampleUITests.swift; sourceTree = "<group>"; };
		E479C38C270D5AB200742CAD /* torus_direct_swift_sdk_mock_exampleUITestsLaunchTests.swift */ = {isa = PBXFileReference; lastKnownFileType = sourcecode.swift; path = torus_direct_swift_sdk_mock_exampleUITestsLaunchTests.swift; sourceTree = "<group>"; };
		E49110E6271ABE0800D474FA /* GeneratedStubs.swift */ = {isa = PBXFileReference; fileEncoding = 4; lastKnownFileType = sourcecode.swift; path = GeneratedStubs.swift; sourceTree = "<group>"; };
		E4AA903A271C18C1009473E0 /* MockTorusUtils.swift */ = {isa = PBXFileReference; lastKnownFileType = sourcecode.swift; path = MockTorusUtils.swift; sourceTree = "<group>"; };
		E4DE5E48270D79200066B413 /* Info.plist */ = {isa = PBXFileReference; lastKnownFileType = text.plist; path = Info.plist; sourceTree = "<group>"; };
/* End PBXFileReference section */

/* Begin PBXFrameworksBuildPhase section */
		E479C369270D5AB000742CAD /* Frameworks */ = {
			isa = PBXFrameworksBuildPhase;
			buildActionMask = 2147483647;
			files = (
				2FD6C5F09F0385D0F55A86C6 /* Pods_torus_direct_swift_sdk_mock_example.framework in Frameworks */,
			);
			runOnlyForDeploymentPostprocessing = 0;
		};
		E479C379270D5AB200742CAD /* Frameworks */ = {
			isa = PBXFrameworksBuildPhase;
			buildActionMask = 2147483647;
			files = (
				F1E05638191E4E09DE657200 /* Pods_torus_direct_swift_sdk_mock_exampleTests.framework in Frameworks */,
			);
			runOnlyForDeploymentPostprocessing = 0;
		};
		E479C383270D5AB200742CAD /* Frameworks */ = {
			isa = PBXFrameworksBuildPhase;
			buildActionMask = 2147483647;
			files = (
				2241039CF1B7EDB83A2E003C /* Pods_torus_direct_swift_sdk_mock_example_torus_direct_swift_sdk_mock_exampleUITests.framework in Frameworks */,
			);
			runOnlyForDeploymentPostprocessing = 0;
		};
/* End PBXFrameworksBuildPhase section */

/* Begin PBXGroup section */
		03DC76CC3063B48E07D3B36D /* Pods */ = {
			isa = PBXGroup;
			children = (
				129AB3885383E9A53F47F6A6 /* Pods-torus-direct-swift-sdk-mock-example.debug.xcconfig */,
				63714A2177CD2F122327F64C /* Pods-torus-direct-swift-sdk-mock-example.release.xcconfig */,
				0E0DF55D05BFF84C571B464C /* Pods-torus-direct-swift-sdk-mock-example-torus-direct-swift-sdk-mock-exampleUITests.debug.xcconfig */,
				04EE38AE3498DD03CB11037D /* Pods-torus-direct-swift-sdk-mock-example-torus-direct-swift-sdk-mock-exampleUITests.release.xcconfig */,
				24765EEA3F012826FB7A3EDE /* Pods-torus-direct-swift-sdk-mock-exampleTests.debug.xcconfig */,
				A0058CFE0DBBFEF1E662D052 /* Pods-torus-direct-swift-sdk-mock-exampleTests.release.xcconfig */,
			);
			path = Pods;
			sourceTree = "<group>";
		};
		205E539CBA93B9EB62311E75 /* Frameworks */ = {
			isa = PBXGroup;
			children = (
				DCEDDBA321C1D0AC2C2E3A4B /* Pods_torus_direct_swift_sdk_mock_example.framework */,
				D2C5CCE89E03B23601D78F1F /* Pods_torus_direct_swift_sdk_mock_example_torus_direct_swift_sdk_mock_exampleUITests.framework */,
				AC1995E939CA66945139613F /* Pods_torus_direct_swift_sdk_mock_exampleTests.framework */,
			);
			name = Frameworks;
			sourceTree = "<group>";
		};
		E479C363270D5AB000742CAD = {
			isa = PBXGroup;
			children = (
				E479C36E270D5AB000742CAD /* torus-direct-swift-sdk-mock-example */,
				E479C37F270D5AB200742CAD /* torus-direct-swift-sdk-mock-exampleTests */,
				E479C389270D5AB200742CAD /* torus-direct-swift-sdk-mock-exampleUITests */,
				E479C36D270D5AB000742CAD /* Products */,
				03DC76CC3063B48E07D3B36D /* Pods */,
				205E539CBA93B9EB62311E75 /* Frameworks */,
			);
			sourceTree = "<group>";
		};
		E479C36D270D5AB000742CAD /* Products */ = {
			isa = PBXGroup;
			children = (
				E479C36C270D5AB000742CAD /* torus-direct-swift-sdk-mock-example.app */,
				E479C37C270D5AB200742CAD /* torus-direct-swift-sdk-mock-exampleTests.xctest */,
				E479C386270D5AB200742CAD /* torus-direct-swift-sdk-mock-exampleUITests.xctest */,
			);
			name = Products;
			sourceTree = "<group>";
		};
		E479C36E270D5AB000742CAD /* torus-direct-swift-sdk-mock-example */ = {
			isa = PBXGroup;
			children = (
				E49110E6271ABE0800D474FA /* GeneratedStubs.swift */,
				E4DE5E48270D79200066B413 /* Info.plist */,
				E479C36F270D5AB000742CAD /* torus_direct_swift_sdk_mock_exampleApp.swift */,
				E479C371270D5AB000742CAD /* ContentView.swift */,
				E479C373270D5AB200742CAD /* Assets.xcassets */,
				E479C375270D5AB200742CAD /* Preview Content */,
				E47051DD270D68C600997F08 /* AppDelegate.swift */,
				E47051DF270D697500997F08 /* SceneDelegate.swift */,
				E4AA903A271C18C1009473E0 /* MockTorusUtils.swift */,
			);
			path = "torus-direct-swift-sdk-mock-example";
			sourceTree = "<group>";
		};
		E479C375270D5AB200742CAD /* Preview Content */ = {
			isa = PBXGroup;
			children = (
				E479C376270D5AB200742CAD /* Preview Assets.xcassets */,
			);
			path = "Preview Content";
			sourceTree = "<group>";
		};
		E479C37F270D5AB200742CAD /* torus-direct-swift-sdk-mock-exampleTests */ = {
			isa = PBXGroup;
			children = (
				E479C380270D5AB200742CAD /* torus_direct_swift_sdk_mock_exampleTests.swift */,
			);
			path = "torus-direct-swift-sdk-mock-exampleTests";
			sourceTree = "<group>";
		};
		E479C389270D5AB200742CAD /* torus-direct-swift-sdk-mock-exampleUITests */ = {
			isa = PBXGroup;
			children = (
				E479C38A270D5AB200742CAD /* torus_direct_swift_sdk_mock_exampleUITests.swift */,
				E479C38C270D5AB200742CAD /* torus_direct_swift_sdk_mock_exampleUITestsLaunchTests.swift */,
			);
			path = "torus-direct-swift-sdk-mock-exampleUITests";
			sourceTree = "<group>";
		};
/* End PBXGroup section */

/* Begin PBXNativeTarget section */
		E479C36B270D5AB000742CAD /* torus-direct-swift-sdk-mock-example */ = {
			isa = PBXNativeTarget;
			buildConfigurationList = E479C390270D5AB200742CAD /* Build configuration list for PBXNativeTarget "torus-direct-swift-sdk-mock-example" */;
			buildPhases = (
				BD5A3D5F8E76E6443E761E64 /* [CP] Check Pods Manifest.lock */,
				E479C368270D5AB000742CAD /* Sources */,
				E479C369270D5AB000742CAD /* Frameworks */,
				E479C36A270D5AB000742CAD /* Resources */,
				160A3410885B313A6FAABD1C /* [CP] Embed Pods Frameworks */,
			);
			buildRules = (
			);
			dependencies = (
			);
			name = "torus-direct-swift-sdk-mock-example";
			productName = "torus-direct-swift-sdk-mock-example";
			productReference = E479C36C270D5AB000742CAD /* torus-direct-swift-sdk-mock-example.app */;
			productType = "com.apple.product-type.application";
		};
		E479C37B270D5AB200742CAD /* torus-direct-swift-sdk-mock-exampleTests */ = {
			isa = PBXNativeTarget;
			buildConfigurationList = E479C393270D5AB200742CAD /* Build configuration list for PBXNativeTarget "torus-direct-swift-sdk-mock-exampleTests" */;
			buildPhases = (
				406AE7A1147AC7182E0979CC /* [CP] Check Pods Manifest.lock */,
				E479C378270D5AB200742CAD /* Sources */,
				E479C379270D5AB200742CAD /* Frameworks */,
				E479C37A270D5AB200742CAD /* Resources */,
			);
			buildRules = (
			);
			dependencies = (
				E479C37E270D5AB200742CAD /* PBXTargetDependency */,
			);
			name = "torus-direct-swift-sdk-mock-exampleTests";
			productName = "torus-direct-swift-sdk-mock-exampleTests";
			productReference = E479C37C270D5AB200742CAD /* torus-direct-swift-sdk-mock-exampleTests.xctest */;
			productType = "com.apple.product-type.bundle.unit-test";
		};
		E479C385270D5AB200742CAD /* torus-direct-swift-sdk-mock-exampleUITests */ = {
			isa = PBXNativeTarget;
			buildConfigurationList = E479C396270D5AB200742CAD /* Build configuration list for PBXNativeTarget "torus-direct-swift-sdk-mock-exampleUITests" */;
			buildPhases = (
				F7B74D7D8050BE67384DCE5C /* [CP] Check Pods Manifest.lock */,
				E479C382270D5AB200742CAD /* Sources */,
				E479C383270D5AB200742CAD /* Frameworks */,
				E479C384270D5AB200742CAD /* Resources */,
				CBBA35C7AE3BB9EE186B7324 /* [CP] Embed Pods Frameworks */,
			);
			buildRules = (
			);
			dependencies = (
				E479C388270D5AB200742CAD /* PBXTargetDependency */,
			);
			name = "torus-direct-swift-sdk-mock-exampleUITests";
			productName = "torus-direct-swift-sdk-mock-exampleUITests";
			productReference = E479C386270D5AB200742CAD /* torus-direct-swift-sdk-mock-exampleUITests.xctest */;
			productType = "com.apple.product-type.bundle.ui-testing";
		};
/* End PBXNativeTarget section */

/* Begin PBXProject section */
		E479C364270D5AB000742CAD /* Project object */ = {
			isa = PBXProject;
			attributes = {
				BuildIndependentTargetsInParallel = 1;
				LastSwiftUpdateCheck = 1300;
				LastUpgradeCheck = 1300;
				TargetAttributes = {
					E479C36B270D5AB000742CAD = {
						CreatedOnToolsVersion = 13.0;
					};
					E479C37B270D5AB200742CAD = {
						CreatedOnToolsVersion = 13.0;
						TestTargetID = E479C36B270D5AB000742CAD;
					};
					E479C385270D5AB200742CAD = {
						CreatedOnToolsVersion = 13.0;
						TestTargetID = E479C36B270D5AB000742CAD;
					};
				};
			};
			buildConfigurationList = E479C367270D5AB000742CAD /* Build configuration list for PBXProject "torus-direct-swift-sdk-mock-example" */;
			compatibilityVersion = "Xcode 13.0";
			developmentRegion = en;
			hasScannedForEncodings = 0;
			knownRegions = (
				en,
				Base,
			);
			mainGroup = E479C363270D5AB000742CAD;
			productRefGroup = E479C36D270D5AB000742CAD /* Products */;
			projectDirPath = "";
			projectRoot = "";
			targets = (
				E479C36B270D5AB000742CAD /* torus-direct-swift-sdk-mock-example */,
				E479C37B270D5AB200742CAD /* torus-direct-swift-sdk-mock-exampleTests */,
				E479C385270D5AB200742CAD /* torus-direct-swift-sdk-mock-exampleUITests */,
			);
		};
/* End PBXProject section */

/* Begin PBXResourcesBuildPhase section */
		E479C36A270D5AB000742CAD /* Resources */ = {
			isa = PBXResourcesBuildPhase;
			buildActionMask = 2147483647;
			files = (
				E479C377270D5AB200742CAD /* Preview Assets.xcassets in Resources */,
				E479C374270D5AB200742CAD /* Assets.xcassets in Resources */,
			);
			runOnlyForDeploymentPostprocessing = 0;
		};
		E479C37A270D5AB200742CAD /* Resources */ = {
			isa = PBXResourcesBuildPhase;
			buildActionMask = 2147483647;
			files = (
			);
			runOnlyForDeploymentPostprocessing = 0;
		};
		E479C384270D5AB200742CAD /* Resources */ = {
			isa = PBXResourcesBuildPhase;
			buildActionMask = 2147483647;
			files = (
			);
			runOnlyForDeploymentPostprocessing = 0;
		};
/* End PBXResourcesBuildPhase section */

/* Begin PBXShellScriptBuildPhase section */
		160A3410885B313A6FAABD1C /* [CP] Embed Pods Frameworks */ = {
			isa = PBXShellScriptBuildPhase;
			buildActionMask = 2147483647;
			files = (
			);
			inputFileListPaths = (
				"${PODS_ROOT}/Target Support Files/Pods-torus-direct-swift-sdk-mock-example/Pods-torus-direct-swift-sdk-mock-example-frameworks-${CONFIGURATION}-input-files.xcfilelist",
			);
			name = "[CP] Embed Pods Frameworks";
			outputFileListPaths = (
				"${PODS_ROOT}/Target Support Files/Pods-torus-direct-swift-sdk-mock-example/Pods-torus-direct-swift-sdk-mock-example-frameworks-${CONFIGURATION}-output-files.xcfilelist",
			);
			runOnlyForDeploymentPostprocessing = 0;
			shellPath = /bin/sh;
			shellScript = "\"${PODS_ROOT}/Target Support Files/Pods-torus-direct-swift-sdk-mock-example/Pods-torus-direct-swift-sdk-mock-example-frameworks.sh\"\n";
			showEnvVarsInLog = 0;
		};
		406AE7A1147AC7182E0979CC /* [CP] Check Pods Manifest.lock */ = {
			isa = PBXShellScriptBuildPhase;
			buildActionMask = 2147483647;
			files = (
			);
			inputFileListPaths = (
			);
			inputPaths = (
				"${PODS_PODFILE_DIR_PATH}/Podfile.lock",
				"${PODS_ROOT}/Manifest.lock",
			);
			name = "[CP] Check Pods Manifest.lock";
			outputFileListPaths = (
			);
			outputPaths = (
				"$(DERIVED_FILE_DIR)/Pods-torus-direct-swift-sdk-mock-exampleTests-checkManifestLockResult.txt",
			);
			runOnlyForDeploymentPostprocessing = 0;
			shellPath = /bin/sh;
			shellScript = "diff \"${PODS_PODFILE_DIR_PATH}/Podfile.lock\" \"${PODS_ROOT}/Manifest.lock\" > /dev/null\nif [ $? != 0 ] ; then\n    # print error to STDERR\n    echo \"error: The sandbox is not in sync with the Podfile.lock. Run 'pod install' or update your CocoaPods installation.\" >&2\n    exit 1\nfi\n# This output is used by Xcode 'outputs' to avoid re-running this script phase.\necho \"SUCCESS\" > \"${SCRIPT_OUTPUT_FILE_0}\"\n";
			showEnvVarsInLog = 0;
		};
		BD5A3D5F8E76E6443E761E64 /* [CP] Check Pods Manifest.lock */ = {
			isa = PBXShellScriptBuildPhase;
			buildActionMask = 2147483647;
			files = (
			);
			inputFileListPaths = (
			);
			inputPaths = (
				"${PODS_PODFILE_DIR_PATH}/Podfile.lock",
				"${PODS_ROOT}/Manifest.lock",
			);
			name = "[CP] Check Pods Manifest.lock";
			outputFileListPaths = (
			);
			outputPaths = (
				"$(DERIVED_FILE_DIR)/Pods-torus-direct-swift-sdk-mock-example-checkManifestLockResult.txt",
			);
			runOnlyForDeploymentPostprocessing = 0;
			shellPath = /bin/sh;
			shellScript = "diff \"${PODS_PODFILE_DIR_PATH}/Podfile.lock\" \"${PODS_ROOT}/Manifest.lock\" > /dev/null\nif [ $? != 0 ] ; then\n    # print error to STDERR\n    echo \"error: The sandbox is not in sync with the Podfile.lock. Run 'pod install' or update your CocoaPods installation.\" >&2\n    exit 1\nfi\n# This output is used by Xcode 'outputs' to avoid re-running this script phase.\necho \"SUCCESS\" > \"${SCRIPT_OUTPUT_FILE_0}\"\n";
			showEnvVarsInLog = 0;
		};
		CBBA35C7AE3BB9EE186B7324 /* [CP] Embed Pods Frameworks */ = {
			isa = PBXShellScriptBuildPhase;
			buildActionMask = 2147483647;
			files = (
			);
			inputFileListPaths = (
				"${PODS_ROOT}/Target Support Files/Pods-torus-direct-swift-sdk-mock-example-torus-direct-swift-sdk-mock-exampleUITests/Pods-torus-direct-swift-sdk-mock-example-torus-direct-swift-sdk-mock-exampleUITests-frameworks-${CONFIGURATION}-input-files.xcfilelist",
			);
			name = "[CP] Embed Pods Frameworks";
			outputFileListPaths = (
				"${PODS_ROOT}/Target Support Files/Pods-torus-direct-swift-sdk-mock-example-torus-direct-swift-sdk-mock-exampleUITests/Pods-torus-direct-swift-sdk-mock-example-torus-direct-swift-sdk-mock-exampleUITests-frameworks-${CONFIGURATION}-output-files.xcfilelist",
			);
			runOnlyForDeploymentPostprocessing = 0;
			shellPath = /bin/sh;
			shellScript = "\"${PODS_ROOT}/Target Support Files/Pods-torus-direct-swift-sdk-mock-example-torus-direct-swift-sdk-mock-exampleUITests/Pods-torus-direct-swift-sdk-mock-example-torus-direct-swift-sdk-mock-exampleUITests-frameworks.sh\"\n";
			showEnvVarsInLog = 0;
		};
		F7B74D7D8050BE67384DCE5C /* [CP] Check Pods Manifest.lock */ = {
			isa = PBXShellScriptBuildPhase;
			buildActionMask = 2147483647;
			files = (
			);
			inputFileListPaths = (
			);
			inputPaths = (
				"${PODS_PODFILE_DIR_PATH}/Podfile.lock",
				"${PODS_ROOT}/Manifest.lock",
			);
			name = "[CP] Check Pods Manifest.lock";
			outputFileListPaths = (
			);
			outputPaths = (
				"$(DERIVED_FILE_DIR)/Pods-torus-direct-swift-sdk-mock-example-torus-direct-swift-sdk-mock-exampleUITests-checkManifestLockResult.txt",
			);
			runOnlyForDeploymentPostprocessing = 0;
			shellPath = /bin/sh;
			shellScript = "diff \"${PODS_PODFILE_DIR_PATH}/Podfile.lock\" \"${PODS_ROOT}/Manifest.lock\" > /dev/null\nif [ $? != 0 ] ; then\n    # print error to STDERR\n    echo \"error: The sandbox is not in sync with the Podfile.lock. Run 'pod install' or update your CocoaPods installation.\" >&2\n    exit 1\nfi\n# This output is used by Xcode 'outputs' to avoid re-running this script phase.\necho \"SUCCESS\" > \"${SCRIPT_OUTPUT_FILE_0}\"\n";
			showEnvVarsInLog = 0;
		};
/* End PBXShellScriptBuildPhase section */

/* Begin PBXSourcesBuildPhase section */
		E479C368270D5AB000742CAD /* Sources */ = {
			isa = PBXSourcesBuildPhase;
			buildActionMask = 2147483647;
			files = (
				E47051DE270D68C600997F08 /* AppDelegate.swift in Sources */,
				E49110E7271ABE0800D474FA /* GeneratedStubs.swift in Sources */,
				E479C372270D5AB000742CAD /* ContentView.swift in Sources */,
				E479C370270D5AB000742CAD /* torus_direct_swift_sdk_mock_exampleApp.swift in Sources */,
				E47051E0270D697500997F08 /* SceneDelegate.swift in Sources */,
				E4AA903B271C18C1009473E0 /* MockTorusUtils.swift in Sources */,
			);
			runOnlyForDeploymentPostprocessing = 0;
		};
		E479C378270D5AB200742CAD /* Sources */ = {
			isa = PBXSourcesBuildPhase;
			buildActionMask = 2147483647;
			files = (
				E479C381270D5AB200742CAD /* torus_direct_swift_sdk_mock_exampleTests.swift in Sources */,
			);
			runOnlyForDeploymentPostprocessing = 0;
		};
		E479C382270D5AB200742CAD /* Sources */ = {
			isa = PBXSourcesBuildPhase;
			buildActionMask = 2147483647;
			files = (
				E479C38B270D5AB200742CAD /* torus_direct_swift_sdk_mock_exampleUITests.swift in Sources */,
				E479C38D270D5AB200742CAD /* torus_direct_swift_sdk_mock_exampleUITestsLaunchTests.swift in Sources */,
			);
			runOnlyForDeploymentPostprocessing = 0;
		};
/* End PBXSourcesBuildPhase section */

/* Begin PBXTargetDependency section */
		E479C37E270D5AB200742CAD /* PBXTargetDependency */ = {
			isa = PBXTargetDependency;
			target = E479C36B270D5AB000742CAD /* torus-direct-swift-sdk-mock-example */;
			targetProxy = E479C37D270D5AB200742CAD /* PBXContainerItemProxy */;
		};
		E479C388270D5AB200742CAD /* PBXTargetDependency */ = {
			isa = PBXTargetDependency;
			target = E479C36B270D5AB000742CAD /* torus-direct-swift-sdk-mock-example */;
			targetProxy = E479C387270D5AB200742CAD /* PBXContainerItemProxy */;
		};
/* End PBXTargetDependency section */

/* Begin XCBuildConfiguration section */
		E479C38E270D5AB200742CAD /* Debug */ = {
			isa = XCBuildConfiguration;
			buildSettings = {
				ALWAYS_SEARCH_USER_PATHS = NO;
				CLANG_ANALYZER_NONNULL = YES;
				CLANG_ANALYZER_NUMBER_OBJECT_CONVERSION = YES_AGGRESSIVE;
				CLANG_CXX_LANGUAGE_STANDARD = "gnu++17";
				CLANG_CXX_LIBRARY = "libc++";
				CLANG_ENABLE_MODULES = YES;
				CLANG_ENABLE_OBJC_ARC = YES;
				CLANG_ENABLE_OBJC_WEAK = YES;
				CLANG_WARN_BLOCK_CAPTURE_AUTORELEASING = YES;
				CLANG_WARN_BOOL_CONVERSION = YES;
				CLANG_WARN_COMMA = YES;
				CLANG_WARN_CONSTANT_CONVERSION = YES;
				CLANG_WARN_DEPRECATED_OBJC_IMPLEMENTATIONS = YES;
				CLANG_WARN_DIRECT_OBJC_ISA_USAGE = YES_ERROR;
				CLANG_WARN_DOCUMENTATION_COMMENTS = YES;
				CLANG_WARN_EMPTY_BODY = YES;
				CLANG_WARN_ENUM_CONVERSION = YES;
				CLANG_WARN_INFINITE_RECURSION = YES;
				CLANG_WARN_INT_CONVERSION = YES;
				CLANG_WARN_NON_LITERAL_NULL_CONVERSION = YES;
				CLANG_WARN_OBJC_IMPLICIT_RETAIN_SELF = YES;
				CLANG_WARN_OBJC_LITERAL_CONVERSION = YES;
				CLANG_WARN_OBJC_ROOT_CLASS = YES_ERROR;
				CLANG_WARN_QUOTED_INCLUDE_IN_FRAMEWORK_HEADER = YES;
				CLANG_WARN_RANGE_LOOP_ANALYSIS = YES;
				CLANG_WARN_STRICT_PROTOTYPES = YES;
				CLANG_WARN_SUSPICIOUS_MOVE = YES;
				CLANG_WARN_UNGUARDED_AVAILABILITY = YES_AGGRESSIVE;
				CLANG_WARN_UNREACHABLE_CODE = YES;
				CLANG_WARN__DUPLICATE_METHOD_MATCH = YES;
				COPY_PHASE_STRIP = NO;
				DEBUG_INFORMATION_FORMAT = dwarf;
				ENABLE_STRICT_OBJC_MSGSEND = YES;
				ENABLE_TESTABILITY = YES;
				GCC_C_LANGUAGE_STANDARD = gnu11;
				GCC_DYNAMIC_NO_PIC = NO;
				GCC_NO_COMMON_BLOCKS = YES;
				GCC_OPTIMIZATION_LEVEL = 0;
				GCC_PREPROCESSOR_DEFINITIONS = (
					"DEBUG=1",
					"$(inherited)",
				);
				GCC_WARN_64_TO_32_BIT_CONVERSION = YES;
				GCC_WARN_ABOUT_RETURN_TYPE = YES_ERROR;
				GCC_WARN_UNDECLARED_SELECTOR = YES;
				GCC_WARN_UNINITIALIZED_AUTOS = YES_AGGRESSIVE;
				GCC_WARN_UNUSED_FUNCTION = YES;
				GCC_WARN_UNUSED_VARIABLE = YES;
				IPHONEOS_DEPLOYMENT_TARGET = 14.0;
				MTL_ENABLE_DEBUG_INFO = INCLUDE_SOURCE;
				MTL_FAST_MATH = YES;
				ONLY_ACTIVE_ARCH = YES;
				SDKROOT = iphoneos;
				SWIFT_ACTIVE_COMPILATION_CONDITIONS = DEBUG;
				SWIFT_OPTIMIZATION_LEVEL = "-Onone";
			};
			name = Debug;
		};
		E479C38F270D5AB200742CAD /* Release */ = {
			isa = XCBuildConfiguration;
			buildSettings = {
				ALWAYS_SEARCH_USER_PATHS = NO;
				CLANG_ANALYZER_NONNULL = YES;
				CLANG_ANALYZER_NUMBER_OBJECT_CONVERSION = YES_AGGRESSIVE;
				CLANG_CXX_LANGUAGE_STANDARD = "gnu++17";
				CLANG_CXX_LIBRARY = "libc++";
				CLANG_ENABLE_MODULES = YES;
				CLANG_ENABLE_OBJC_ARC = YES;
				CLANG_ENABLE_OBJC_WEAK = YES;
				CLANG_WARN_BLOCK_CAPTURE_AUTORELEASING = YES;
				CLANG_WARN_BOOL_CONVERSION = YES;
				CLANG_WARN_COMMA = YES;
				CLANG_WARN_CONSTANT_CONVERSION = YES;
				CLANG_WARN_DEPRECATED_OBJC_IMPLEMENTATIONS = YES;
				CLANG_WARN_DIRECT_OBJC_ISA_USAGE = YES_ERROR;
				CLANG_WARN_DOCUMENTATION_COMMENTS = YES;
				CLANG_WARN_EMPTY_BODY = YES;
				CLANG_WARN_ENUM_CONVERSION = YES;
				CLANG_WARN_INFINITE_RECURSION = YES;
				CLANG_WARN_INT_CONVERSION = YES;
				CLANG_WARN_NON_LITERAL_NULL_CONVERSION = YES;
				CLANG_WARN_OBJC_IMPLICIT_RETAIN_SELF = YES;
				CLANG_WARN_OBJC_LITERAL_CONVERSION = YES;
				CLANG_WARN_OBJC_ROOT_CLASS = YES_ERROR;
				CLANG_WARN_QUOTED_INCLUDE_IN_FRAMEWORK_HEADER = YES;
				CLANG_WARN_RANGE_LOOP_ANALYSIS = YES;
				CLANG_WARN_STRICT_PROTOTYPES = YES;
				CLANG_WARN_SUSPICIOUS_MOVE = YES;
				CLANG_WARN_UNGUARDED_AVAILABILITY = YES_AGGRESSIVE;
				CLANG_WARN_UNREACHABLE_CODE = YES;
				CLANG_WARN__DUPLICATE_METHOD_MATCH = YES;
				COPY_PHASE_STRIP = NO;
				DEBUG_INFORMATION_FORMAT = "dwarf-with-dsym";
				ENABLE_NS_ASSERTIONS = NO;
				ENABLE_STRICT_OBJC_MSGSEND = YES;
				GCC_C_LANGUAGE_STANDARD = gnu11;
				GCC_NO_COMMON_BLOCKS = YES;
				GCC_WARN_64_TO_32_BIT_CONVERSION = YES;
				GCC_WARN_ABOUT_RETURN_TYPE = YES_ERROR;
				GCC_WARN_UNDECLARED_SELECTOR = YES;
				GCC_WARN_UNINITIALIZED_AUTOS = YES_AGGRESSIVE;
				GCC_WARN_UNUSED_FUNCTION = YES;
				GCC_WARN_UNUSED_VARIABLE = YES;
				IPHONEOS_DEPLOYMENT_TARGET = 14.0;
				MTL_ENABLE_DEBUG_INFO = NO;
				MTL_FAST_MATH = YES;
				SDKROOT = iphoneos;
				SWIFT_COMPILATION_MODE = wholemodule;
				SWIFT_OPTIMIZATION_LEVEL = "-O";
				VALIDATE_PRODUCT = YES;
			};
			name = Release;
		};
		E479C391270D5AB200742CAD /* Debug */ = {
			isa = XCBuildConfiguration;
			baseConfigurationReference = 129AB3885383E9A53F47F6A6 /* Pods-torus-direct-swift-sdk-mock-example.debug.xcconfig */;
			buildSettings = {
				ASSETCATALOG_COMPILER_APPICON_NAME = AppIcon;
				ASSETCATALOG_COMPILER_GLOBAL_ACCENT_COLOR_NAME = AccentColor;
				CODE_SIGN_STYLE = Automatic;
				CURRENT_PROJECT_VERSION = 1;
				DEVELOPMENT_ASSET_PATHS = "\"torus-direct-swift-sdk-mock-example/Preview Content\"";
				DEVELOPMENT_TEAM = 93GJ7R8CJJ;
				ENABLE_PREVIEWS = YES;
				GENERATE_INFOPLIST_FILE = YES;
				INFOPLIST_FILE = "torus-direct-swift-sdk-mock-example/Info.plist";
				INFOPLIST_KEY_NSLocalNetworkUsageDescription = "Atlantis would use Bonjour Service to discover Proxyman app from your local network.";
				INFOPLIST_KEY_UIApplicationSceneManifest_Generation = YES;
				INFOPLIST_KEY_UIApplicationSupportsIndirectInputEvents = YES;
				INFOPLIST_KEY_UILaunchScreen_Generation = YES;
				INFOPLIST_KEY_UISupportedInterfaceOrientations_iPad = "UIInterfaceOrientationPortrait UIInterfaceOrientationPortraitUpsideDown UIInterfaceOrientationLandscapeLeft UIInterfaceOrientationLandscapeRight";
				INFOPLIST_KEY_UISupportedInterfaceOrientations_iPhone = "UIInterfaceOrientationPortrait UIInterfaceOrientationLandscapeLeft UIInterfaceOrientationLandscapeRight";
				IPHONEOS_DEPLOYMENT_TARGET = 14.0;
				LD_RUNPATH_SEARCH_PATHS = (
					"$(inherited)",
					"@executable_path/Frameworks",
				);
				MARKETING_VERSION = 1.0;
				PRODUCT_BUNDLE_IDENTIFIER = "com.torus.torus-direct-swift-sdk-mock-example";
				PRODUCT_NAME = "$(TARGET_NAME)";
				SWIFT_EMIT_LOC_STRINGS = YES;
				SWIFT_VERSION = 5.0;
				TARGETED_DEVICE_FAMILY = "1,2";
			};
			name = Debug;
		};
		E479C392270D5AB200742CAD /* Release */ = {
			isa = XCBuildConfiguration;
			baseConfigurationReference = 63714A2177CD2F122327F64C /* Pods-torus-direct-swift-sdk-mock-example.release.xcconfig */;
			buildSettings = {
				ASSETCATALOG_COMPILER_APPICON_NAME = AppIcon;
				ASSETCATALOG_COMPILER_GLOBAL_ACCENT_COLOR_NAME = AccentColor;
				CODE_SIGN_STYLE = Automatic;
				CURRENT_PROJECT_VERSION = 1;
				DEVELOPMENT_ASSET_PATHS = "\"torus-direct-swift-sdk-mock-example/Preview Content\"";
				DEVELOPMENT_TEAM = 93GJ7R8CJJ;
				ENABLE_PREVIEWS = YES;
				GENERATE_INFOPLIST_FILE = YES;
				INFOPLIST_FILE = "torus-direct-swift-sdk-mock-example/Info.plist";
				INFOPLIST_KEY_NSLocalNetworkUsageDescription = "Atlantis would use Bonjour Service to discover Proxyman app from your local network.";
				INFOPLIST_KEY_UIApplicationSceneManifest_Generation = YES;
				INFOPLIST_KEY_UIApplicationSupportsIndirectInputEvents = YES;
				INFOPLIST_KEY_UILaunchScreen_Generation = YES;
				INFOPLIST_KEY_UISupportedInterfaceOrientations_iPad = "UIInterfaceOrientationPortrait UIInterfaceOrientationPortraitUpsideDown UIInterfaceOrientationLandscapeLeft UIInterfaceOrientationLandscapeRight";
				INFOPLIST_KEY_UISupportedInterfaceOrientations_iPhone = "UIInterfaceOrientationPortrait UIInterfaceOrientationLandscapeLeft UIInterfaceOrientationLandscapeRight";
				IPHONEOS_DEPLOYMENT_TARGET = 14.0;
				LD_RUNPATH_SEARCH_PATHS = (
					"$(inherited)",
					"@executable_path/Frameworks",
				);
				MARKETING_VERSION = 1.0;
				PRODUCT_BUNDLE_IDENTIFIER = "com.torus.torus-direct-swift-sdk-mock-example";
				PRODUCT_NAME = "$(TARGET_NAME)";
				SWIFT_EMIT_LOC_STRINGS = YES;
				SWIFT_VERSION = 5.0;
				TARGETED_DEVICE_FAMILY = "1,2";
			};
			name = Release;
		};
		E479C394270D5AB200742CAD /* Debug */ = {
			isa = XCBuildConfiguration;
			baseConfigurationReference = 24765EEA3F012826FB7A3EDE /* Pods-torus-direct-swift-sdk-mock-exampleTests.debug.xcconfig */;
			buildSettings = {
				ALWAYS_EMBED_SWIFT_STANDARD_LIBRARIES = YES;
				BUNDLE_LOADER = "$(TEST_HOST)";
				CODE_SIGN_STYLE = Automatic;
				CURRENT_PROJECT_VERSION = 1;
				GENERATE_INFOPLIST_FILE = YES;
				IPHONEOS_DEPLOYMENT_TARGET = 14.0;
				LD_RUNPATH_SEARCH_PATHS = (
					"$(inherited)",
					"@executable_path/Frameworks",
					"@loader_path/Frameworks",
				);
				MARKETING_VERSION = 1.0;
				PRODUCT_BUNDLE_IDENTIFIER = "com.torus.torus-direct-swift-sdk-mock-exampleTests";
				PRODUCT_NAME = "$(TARGET_NAME)";
				SWIFT_EMIT_LOC_STRINGS = NO;
				SWIFT_VERSION = 5.0;
				TARGETED_DEVICE_FAMILY = "1,2";
				TEST_HOST = "$(BUILT_PRODUCTS_DIR)/torus-direct-swift-sdk-mock-example.app/torus-direct-swift-sdk-mock-example";
			};
			name = Debug;
		};
		E479C395270D5AB200742CAD /* Release */ = {
			isa = XCBuildConfiguration;
			baseConfigurationReference = A0058CFE0DBBFEF1E662D052 /* Pods-torus-direct-swift-sdk-mock-exampleTests.release.xcconfig */;
			buildSettings = {
				ALWAYS_EMBED_SWIFT_STANDARD_LIBRARIES = YES;
				BUNDLE_LOADER = "$(TEST_HOST)";
				CODE_SIGN_STYLE = Automatic;
				CURRENT_PROJECT_VERSION = 1;
				GENERATE_INFOPLIST_FILE = YES;
				IPHONEOS_DEPLOYMENT_TARGET = 14.0;
				LD_RUNPATH_SEARCH_PATHS = (
					"$(inherited)",
					"@executable_path/Frameworks",
					"@loader_path/Frameworks",
				);
				MARKETING_VERSION = 1.0;
				PRODUCT_BUNDLE_IDENTIFIER = "com.torus.torus-direct-swift-sdk-mock-exampleTests";
				PRODUCT_NAME = "$(TARGET_NAME)";
				SWIFT_EMIT_LOC_STRINGS = NO;
				SWIFT_VERSION = 5.0;
				TARGETED_DEVICE_FAMILY = "1,2";
				TEST_HOST = "$(BUILT_PRODUCTS_DIR)/torus-direct-swift-sdk-mock-example.app/torus-direct-swift-sdk-mock-example";
			};
			name = Release;
		};
		E479C397270D5AB200742CAD /* Debug */ = {
			isa = XCBuildConfiguration;
			baseConfigurationReference = 0E0DF55D05BFF84C571B464C /* Pods-torus-direct-swift-sdk-mock-example-torus-direct-swift-sdk-mock-exampleUITests.debug.xcconfig */;
			buildSettings = {
				ALWAYS_EMBED_SWIFT_STANDARD_LIBRARIES = YES;
				CODE_SIGN_STYLE = Automatic;
				CURRENT_PROJECT_VERSION = 1;
				GENERATE_INFOPLIST_FILE = YES;
				LD_RUNPATH_SEARCH_PATHS = (
					"$(inherited)",
					"@executable_path/Frameworks",
					"@loader_path/Frameworks",
				);
				MARKETING_VERSION = 1.0;
				PRODUCT_BUNDLE_IDENTIFIER = "com.torus.torus-direct-swift-sdk-mock-exampleUITests";
				PRODUCT_NAME = "$(TARGET_NAME)";
				SWIFT_EMIT_LOC_STRINGS = NO;
				SWIFT_VERSION = 5.0;
				TARGETED_DEVICE_FAMILY = "1,2";
				TEST_TARGET_NAME = "torus-direct-swift-sdk-mock-example";
			};
			name = Debug;
		};
		E479C398270D5AB200742CAD /* Release */ = {
			isa = XCBuildConfiguration;
			baseConfigurationReference = 04EE38AE3498DD03CB11037D /* Pods-torus-direct-swift-sdk-mock-example-torus-direct-swift-sdk-mock-exampleUITests.release.xcconfig */;
			buildSettings = {
				ALWAYS_EMBED_SWIFT_STANDARD_LIBRARIES = YES;
				CODE_SIGN_STYLE = Automatic;
				CURRENT_PROJECT_VERSION = 1;
				GENERATE_INFOPLIST_FILE = YES;
				LD_RUNPATH_SEARCH_PATHS = (
					"$(inherited)",
					"@executable_path/Frameworks",
					"@loader_path/Frameworks",
				);
				MARKETING_VERSION = 1.0;
				PRODUCT_BUNDLE_IDENTIFIER = "com.torus.torus-direct-swift-sdk-mock-exampleUITests";
				PRODUCT_NAME = "$(TARGET_NAME)";
				SWIFT_EMIT_LOC_STRINGS = NO;
				SWIFT_VERSION = 5.0;
				TARGETED_DEVICE_FAMILY = "1,2";
				TEST_TARGET_NAME = "torus-direct-swift-sdk-mock-example";
			};
			name = Release;
		};
/* End XCBuildConfiguration section */

/* Begin XCConfigurationList section */
		E479C367270D5AB000742CAD /* Build configuration list for PBXProject "torus-direct-swift-sdk-mock-example" */ = {
			isa = XCConfigurationList;
			buildConfigurations = (
				E479C38E270D5AB200742CAD /* Debug */,
				E479C38F270D5AB200742CAD /* Release */,
			);
			defaultConfigurationIsVisible = 0;
			defaultConfigurationName = Release;
		};
		E479C390270D5AB200742CAD /* Build configuration list for PBXNativeTarget "torus-direct-swift-sdk-mock-example" */ = {
			isa = XCConfigurationList;
			buildConfigurations = (
				E479C391270D5AB200742CAD /* Debug */,
				E479C392270D5AB200742CAD /* Release */,
			);
			defaultConfigurationIsVisible = 0;
			defaultConfigurationName = Release;
		};
		E479C393270D5AB200742CAD /* Build configuration list for PBXNativeTarget "torus-direct-swift-sdk-mock-exampleTests" */ = {
			isa = XCConfigurationList;
			buildConfigurations = (
				E479C394270D5AB200742CAD /* Debug */,
				E479C395270D5AB200742CAD /* Release */,
			);
			defaultConfigurationIsVisible = 0;
			defaultConfigurationName = Release;
		};
		E479C396270D5AB200742CAD /* Build configuration list for PBXNativeTarget "torus-direct-swift-sdk-mock-exampleUITests" */ = {
			isa = XCConfigurationList;
			buildConfigurations = (
				E479C397270D5AB200742CAD /* Debug */,
				E479C398270D5AB200742CAD /* Release */,
			);
			defaultConfigurationIsVisible = 0;
			defaultConfigurationName = Release;
		};
/* End XCConfigurationList section */
	};
	rootObject = E479C364270D5AB000742CAD /* Project object */;
}
